{
  "nodes": {
    "cachix": {
      "inputs": {
        "devenv": [
          "nh_darwin",
          "crate2nix"
        ],
        "flake-compat": [
          "nh_darwin",
          "crate2nix"
        ],
        "nixpkgs": "nixpkgs_2",
        "pre-commit-hooks": [
          "nh_darwin",
          "crate2nix"
        ]
      },
      "locked": {
        "lastModified": 1695659566,
        "narHash": "sha256-6S8EOs7bGTyY4eDXGuTbJMTlaz0n1JYIAPKIB2cVYxg=",
        "owner": "cachix",
        "repo": "cachix",
        "rev": "25e5137a4d12cd5579da2b37c9f009e6fbfa3150",
        "type": "github"
      },
      "original": {
        "owner": "cachix",
        "ref": "latest",
        "repo": "cachix",
        "type": "github"
      }
    },
    "cl-nix-lite": {
      "locked": {
        "lastModified": 1717972076,
        "narHash": "sha256-hnZEsDInTcsVSL5LBGDAZegAxVLBus/wiJh+sNM15zU=",
        "owner": "hraban",
        "repo": "cl-nix-lite",
        "rev": "cc920bfb0a6402d3871f470c98d65266126973e4",
        "type": "github"
      },
      "original": {
        "owner": "hraban",
        "repo": "cl-nix-lite",
        "type": "github"
      }
    },
    "crate2nix": {
      "inputs": {
        "cachix": "cachix",
        "crate2nix_stable": "crate2nix_stable",
        "devshell": "devshell",
        "flake-compat": "flake-compat_2",
        "flake-parts": "flake-parts",
        "nix-test-runner": "nix-test-runner",
        "nixpkgs": "nixpkgs_3",
        "pre-commit-hooks": "pre-commit-hooks"
      },
      "locked": {
        "lastModified": 1704639602,
        "narHash": "sha256-XZ3nSPC3FEOrmwOpZqqoAxf5baJRhA08/Qy1/SBaXJw=",
        "owner": "nix-community",
        "repo": "crate2nix",
        "rev": "b1552fd27689b5997cb744de1dbf066922202805",
        "type": "github"
      },
      "original": {
        "owner": "nix-community",
        "repo": "crate2nix",
        "type": "github"
      }
    },
    "crate2nix_stable": {
      "inputs": {
        "flake-utils": "flake-utils_2"
      },
      "locked": {
        "lastModified": 1702842982,
        "narHash": "sha256-A9AowkHIjsy1a4LuiPiVP88FMxyCWK41flZEZOUuwQM=",
        "owner": "nix-community",
        "repo": "crate2nix",
        "rev": "75ac2973affa6b9b4f661a7b592cba6e4f51d426",
        "type": "github"
      },
      "original": {
        "owner": "nix-community",
        "ref": "0.12.0",
        "repo": "crate2nix",
        "type": "github"
      }
    },
    "darwin": {
      "inputs": {
        "nixpkgs": [
          "nixpkgs"
        ]
      },
      "locked": {
        "lastModified": 1722924007,
        "narHash": "sha256-+CQDamNwqO33REJLft8c26NbUi2Td083hq6SvAm2xkU=",
        "owner": "LnL7",
        "repo": "nix-darwin",
        "rev": "91010a5613ffd7ee23ee9263213157a1c422b705",
        "type": "github"
      },
      "original": {
        "owner": "LnL7",
        "repo": "nix-darwin",
        "type": "github"
      }
    },
    "devshell": {
      "inputs": {
        "nixpkgs": [
          "nh_darwin",
          "crate2nix",
          "nixpkgs"
        ],
        "systems": "systems_3"
      },
      "locked": {
        "lastModified": 1701787589,
        "narHash": "sha256-ce+oQR4Zq9VOsLoh9bZT8Ip9PaMLcjjBUHVPzW5d7Cw=",
        "owner": "numtide",
        "repo": "devshell",
        "rev": "44ddedcbcfc2d52a76b64fb6122f209881bd3e1e",
        "type": "github"
      },
      "original": {
        "owner": "numtide",
        "repo": "devshell",
        "type": "github"
      }
    },
    "devshell_2": {
      "inputs": {
        "nixpkgs": [
          "nh_darwin",
          "nixpkgs"
        ],
        "systems": "systems_5"
      },
      "locked": {
        "lastModified": 1704627967,
        "narHash": "sha256-XxorJ8NKO4XG1rUeGE8DLlOCE9x63c2FnC8QoudVGsg=",
        "owner": "numtide",
        "repo": "devshell",
        "rev": "2c55ba1531bf1d4b31906914cb73fc339d0181d0",
        "type": "github"
      },
      "original": {
        "owner": "numtide",
        "repo": "devshell",
        "type": "github"
      }
    },
    "flake-compat": {
      "flake": false,
      "locked": {
        "lastModified": 1697816753,
        "narHash": "sha256-40to80AEIyKCQI0xMKCeF5ePoIKTYgjVVCZeu4CnTxM=",
        "owner": "hraban",
        "repo": "flake-compat",
        "rev": "6025bade1336a36014639bc3f67eacc853dab78f",
        "type": "github"
      },
      "original": {
        "owner": "hraban",
        "ref": "fixed-output",
        "repo": "flake-compat",
        "type": "github"
      }
    },
    "flake-compat_2": {
      "locked": {
        "lastModified": 1696426674,
        "narHash": "sha256-kvjfFW7WAETZlt09AgDn1MrtKzP7t90Vf7vypd3OL1U=",
        "rev": "0f9255e01c2351cc7d116c072cb317785dd33b33",
        "revCount": 57,
        "type": "tarball",
        "url": "https://api.flakehub.com/f/pinned/edolstra/flake-compat/1.0.1/018afb31-abd1-7bff-a5e4-cff7e18efb7a/source.tar.gz"
      },
      "original": {
        "type": "tarball",
        "url": "https://flakehub.com/f/edolstra/flake-compat/1.tar.gz"
      }
    },
    "flake-parts": {
      "inputs": {
        "nixpkgs-lib": [
          "nh_darwin",
          "crate2nix",
          "nixpkgs"
        ]
      },
      "locked": {
        "lastModified": 1704152458,
        "narHash": "sha256-DS+dGw7SKygIWf9w4eNBUZsK+4Ug27NwEWmn2tnbycg=",
        "owner": "hercules-ci",
        "repo": "flake-parts",
        "rev": "88a2cd8166694ba0b6cb374700799cec53aef527",
        "type": "github"
      },
      "original": {
        "owner": "hercules-ci",
        "repo": "flake-parts",
        "type": "github"
      }
    },
    "flake-parts_2": {
      "inputs": {
        "nixpkgs-lib": [
          "nh_darwin",
          "nixpkgs"
        ]
      },
      "locked": {
        "lastModified": 1704152458,
        "narHash": "sha256-DS+dGw7SKygIWf9w4eNBUZsK+4Ug27NwEWmn2tnbycg=",
        "owner": "hercules-ci",
        "repo": "flake-parts",
        "rev": "88a2cd8166694ba0b6cb374700799cec53aef527",
        "type": "github"
      },
      "original": {
        "owner": "hercules-ci",
        "repo": "flake-parts",
        "type": "github"
      }
    },
    "flake-utils": {
      "inputs": {
        "systems": "systems"
      },
      "locked": {
        "lastModified": 1710146030,
        "narHash": "sha256-SZ5L6eA7HJ/nmkzGG7/ISclqe6oZdOZTNoesiInkXPQ=",
        "owner": "numtide",
        "repo": "flake-utils",
        "rev": "b1d9ab70662946ef0850d488da1c9019f3a9752a",
        "type": "github"
      },
      "original": {
        "id": "flake-utils",
        "type": "indirect"
      }
    },
    "flake-utils_2": {
      "inputs": {
        "systems": "systems_2"
      },
      "locked": {
        "lastModified": 1694529238,
        "narHash": "sha256-zsNZZGTGnMOf9YpHKJqMSsa0dXbfmxeoJ7xHlrt+xmY=",
        "owner": "numtide",
        "repo": "flake-utils",
        "rev": "ff7b65b44d01cf9ba6a71320833626af21126384",
        "type": "github"
      },
      "original": {
        "owner": "numtide",
        "repo": "flake-utils",
        "type": "github"
      }
    },
    "flake-utils_3": {
      "inputs": {
        "systems": "systems_4"
      },
      "locked": {
        "lastModified": 1685518550,
        "narHash": "sha256-o2d0KcvaXzTrPRIo0kOLV0/QXHhDQ5DTi+OxcjO8xqY=",
        "owner": "numtide",
        "repo": "flake-utils",
        "rev": "a1720a10a6cfe8234c0e93907ffe81be440f4cef",
        "type": "github"
      },
      "original": {
        "owner": "numtide",
        "repo": "flake-utils",
        "type": "github"
      }
    },
    "flake-utils_4": {
      "inputs": {
        "systems": "systems_6"
      },
      "locked": {
        "lastModified": 1681202837,
        "narHash": "sha256-H+Rh19JDwRtpVPAWp64F+rlEtxUWBAQW28eAi3SRSzg=",
        "owner": "numtide",
        "repo": "flake-utils",
        "rev": "cfacdce06f30d2b68473a46042957675eebb3401",
        "type": "github"
      },
      "original": {
        "owner": "numtide",
        "repo": "flake-utils",
        "type": "github"
      }
    },
    "gitignore": {
      "inputs": {
        "nixpkgs": [
          "nh_darwin",
          "crate2nix",
          "pre-commit-hooks",
          "nixpkgs"
        ]
      },
      "locked": {
        "lastModified": 1660459072,
        "narHash": "sha256-8DFJjXG8zqoONA1vXtgeKXy68KdJL5UaXR8NtVMUbx8=",
        "owner": "hercules-ci",
        "repo": "gitignore.nix",
        "rev": "a20de23b925fd8264fd7fad6454652e142fd7f73",
        "type": "github"
      },
      "original": {
        "owner": "hercules-ci",
        "repo": "gitignore.nix",
        "type": "github"
      }
    },
    "home-manager": {
      "inputs": {
        "nixpkgs": [
          "nixpkgs"
        ]
      },
      "locked": {
        "lastModified": 1723015306,
        "narHash": "sha256-jQnFEtH20/OsDPpx71ntZzGdRlpXhUENSQCGTjn//NA=",
        "owner": "nix-community",
        "repo": "home-manager",
        "rev": "b3d5ea65d88d67d4ec578ed11d4d2d51e3de525e",
        "type": "github"
      },
      "original": {
        "owner": "nix-community",
        "repo": "home-manager",
        "type": "github"
      }
    },
    "mac-app-util": {
      "inputs": {
        "cl-nix-lite": "cl-nix-lite",
        "flake-compat": "flake-compat",
        "flake-utils": "flake-utils",
        "nixpkgs": "nixpkgs"
      },
      "locked": {
        "lastModified": 1719942949,
        "narHash": "sha256-srSQac7dhXtisqu4XwPGrK8qcmT2rflJJ1mRIV9j0Qk=",
        "owner": "hraban",
        "repo": "mac-app-util",
        "rev": "63f269f737cafb2219ba38780c1ecb1dc24bc4a2",
        "type": "github"
      },
      "original": {
        "owner": "hraban",
        "repo": "mac-app-util",
        "type": "github"
      }
    },
    "nh_darwin": {
      "inputs": {
        "crate2nix": "crate2nix",
        "devshell": "devshell_2",
        "flake-parts": "flake-parts_2",
        "nixpkgs": "nixpkgs_4",
        "rust-overlay": "rust-overlay"
      },
      "locked": {
        "lastModified": 1719935332,
        "narHash": "sha256-yX0NOCmiRq3iMAwsKoSMxhfBMkLlZirHdmAyZIL95FM=",
        "owner": "ToyVo",
        "repo": "nh_darwin",
        "rev": "aa4bc963cbbdc44d0ed35d18345c911d465a5c7e",
        "type": "github"
      },
      "original": {
        "owner": "ToyVo",
        "repo": "nh_darwin",
        "type": "github"
      }
    },
    "nix-test-runner": {
      "flake": false,
      "locked": {
        "lastModified": 1588761593,
        "narHash": "sha256-FKJykltAN/g3eIceJl4SfDnnyuH2jHImhMrXS2KvGIs=",
        "owner": "stoeffel",
        "repo": "nix-test-runner",
        "rev": "c45d45b11ecef3eb9d834c3b6304c05c49b06ca2",
        "type": "github"
      },
      "original": {
        "owner": "stoeffel",
        "repo": "nix-test-runner",
        "type": "github"
      }
    },
    "nixpkgs": {
      "locked": {
        "lastModified": 1717868076,
        "narHash": "sha256-c83Y9t815Wa34khrux81j8K8ET94ESmCuwORSKm2bQY=",
        "owner": "NixOS",
        "repo": "nixpkgs",
        "rev": "cd18e2ae9ab8e2a0a8d715b60c91b54c0ac35ff9",
        "type": "github"
      },
      "original": {
        "owner": "NixOS",
        "repo": "nixpkgs",
        "rev": "cd18e2ae9ab8e2a0a8d715b60c91b54c0ac35ff9",
        "type": "github"
      }
    },
    "nixpkgs_2": {
      "locked": {
        "lastModified": 1704194953,
        "narHash": "sha256-RtDKd8Mynhe5CFnVT8s0/0yqtWFMM9LmCzXv/YKxnq4=",
        "owner": "NixOS",
        "repo": "nixpkgs",
        "rev": "bd645e8668ec6612439a9ee7e71f7eac4099d4f6",
        "type": "github"
      },
      "original": {
        "owner": "NixOS",
        "ref": "nixos-unstable",
        "repo": "nixpkgs",
        "type": "github"
      }
    },
    "nixpkgs_3": {
      "locked": {
        "lastModified": 1704161960,
        "narHash": "sha256-QGua89Pmq+FBAro8NriTuoO/wNaUtugt29/qqA8zeeM=",
        "owner": "NixOS",
        "repo": "nixpkgs",
        "rev": "63143ac2c9186be6d9da6035fa22620018c85932",
        "type": "github"
      },
      "original": {
        "id": "nixpkgs",
        "type": "indirect"
      }
    },
    "nixpkgs_4": {
      "locked": {
        "lastModified": 1719690277,
        "narHash": "sha256-0xSej1g7eP2kaUF+JQp8jdyNmpmCJKRpO12mKl/36Kc=",
        "owner": "NixOS",
        "repo": "nixpkgs",
        "rev": "2741b4b489b55df32afac57bc4bfd220e8bf617e",
        "type": "github"
      },
      "original": {
        "owner": "NixOS",
        "ref": "nixos-unstable",
        "repo": "nixpkgs",
        "type": "github"
      }
    },
    "nixpkgs_5": {
      "locked": {
        "lastModified": 1681358109,
        "narHash": "sha256-eKyxW4OohHQx9Urxi7TQlFBTDWII+F+x2hklDOQPB50=",
        "owner": "NixOS",
        "repo": "nixpkgs",
        "rev": "96ba1c52e54e74c3197f4d43026b3f3d92e83ff9",
        "type": "github"
      },
      "original": {
        "owner": "NixOS",
        "ref": "nixpkgs-unstable",
        "repo": "nixpkgs",
        "type": "github"
      }
    },
    "nixpkgs_6": {
      "locked": {
        "lastModified": 1723019560,
        "narHash": "sha256-O/kxmybNecC3Efr6ITOdtCzFv90/B2Iiedavj5aRWt0=",
        "owner": "NixOS",
        "repo": "nixpkgs",
        "rev": "f5129fb42b9c262318130a97b47516946da3e7d7",
        "type": "github"
      },
      "original": {
        "owner": "NixOS",
        "ref": "nixpkgs-unstable",
        "repo": "nixpkgs",
        "type": "github"
      }
    },
    "pre-commit-hooks": {
      "inputs": {
        "flake-compat": [
          "nh_darwin",
          "crate2nix",
          "flake-compat"
        ],
        "flake-utils": "flake-utils_3",
        "gitignore": "gitignore",
        "nixpkgs": [
          "nh_darwin",
          "crate2nix",
          "nixpkgs"
        ],
        "nixpkgs-stable": [
          "nh_darwin",
          "crate2nix",
          "nixpkgs"
        ]
      },
      "locked": {
        "lastModified": 1703939133,
        "narHash": "sha256-Gxe+mfOT6bL7wLC/tuT2F+V+Sb44jNr8YsJ3cyIl4Mo=",
        "owner": "cachix",
        "repo": "pre-commit-hooks.nix",
        "rev": "9d3d7e18c6bc4473d7520200d4ddab12f8402d38",
        "type": "github"
      },
      "original": {
        "owner": "cachix",
        "repo": "pre-commit-hooks.nix",
        "type": "github"
      }
    },
    "root": {
      "inputs": {
        "darwin": "darwin",
        "home-manager": "home-manager",
        "mac-app-util": "mac-app-util",
        "nh_darwin": "nh_darwin",
        "nixpkgs": "nixpkgs_6"
      }
    },
    "rust-overlay": {
      "inputs": {
        "flake-utils": "flake-utils_4",
        "nixpkgs": "nixpkgs_5"
      },
      "locked": {
        "lastModified": 1704593904,
        "narHash": "sha256-nDoXZDTRdgF3b4n3m011y99nYFewvOl9UpzFvP8Rb3c=",
        "owner": "oxalica",
        "repo": "rust-overlay",
        "rev": "c36fd70a99decfa6e110c86f296a97613034a680",
        "type": "github"
      },
      "original": {
        "owner": "oxalica",
        "repo": "rust-overlay",
        "type": "github"
      }
    },
    "systems": {
      "locked": {
        "lastModified": 1681028828,
        "narHash": "sha256-Vy1rq5AaRuLzOxct8nz4T6wlgyUR7zLU309k9mBC768=",
        "owner": "nix-systems",
        "repo": "default",
        "rev": "da67096a3b9bf56a91d16901293e51ba5b49a27e",
        "type": "github"
      },
      "original": {
        "owner": "nix-systems",
        "repo": "default",
        "type": "github"
      }
    },
    "systems_2": {
      "locked": {
        "lastModified": 1681028828,
        "narHash": "sha256-Vy1rq5AaRuLzOxct8nz4T6wlgyUR7zLU309k9mBC768=",
        "owner": "nix-systems",
        "repo": "default",
        "rev": "da67096a3b9bf56a91d16901293e51ba5b49a27e",
        "type": "github"
      },
      "original": {
        "owner": "nix-systems",
        "repo": "default",
        "type": "github"
      }
    },
    "systems_3": {
      "locked": {
        "lastModified": 1681028828,
        "narHash": "sha256-Vy1rq5AaRuLzOxct8nz4T6wlgyUR7zLU309k9mBC768=",
        "owner": "nix-systems",
        "repo": "default",
        "rev": "da67096a3b9bf56a91d16901293e51ba5b49a27e",
        "type": "github"
      },
      "original": {
        "owner": "nix-systems",
        "repo": "default",
        "type": "github"
      }
    },
    "systems_4": {
      "locked": {
        "lastModified": 1681028828,
        "narHash": "sha256-Vy1rq5AaRuLzOxct8nz4T6wlgyUR7zLU309k9mBC768=",
        "owner": "nix-systems",
        "repo": "default",
        "rev": "da67096a3b9bf56a91d16901293e51ba5b49a27e",
        "type": "github"
      },
      "original": {
        "owner": "nix-systems",
        "repo": "default",
        "type": "github"
      }
    },
    "systems_5": {
      "locked": {
        "lastModified": 1681028828,
        "narHash": "sha256-Vy1rq5AaRuLzOxct8nz4T6wlgyUR7zLU309k9mBC768=",
        "owner": "nix-systems",
        "repo": "default",
        "rev": "da67096a3b9bf56a91d16901293e51ba5b49a27e",
        "type": "github"
      },
      "original": {
        "owner": "nix-systems",
        "repo": "default",
        "type": "github"
      }
    },
    "systems_6": {
      "locked": {
        "lastModified": 1681028828,
        "narHash": "sha256-Vy1rq5AaRuLzOxct8nz4T6wlgyUR7zLU309k9mBC768=",
        "owner": "nix-systems",
        "repo": "default",
        "rev": "da67096a3b9bf56a91d16901293e51ba5b49a27e",
        "type": "github"
      },
      "original": {
        "owner": "nix-systems",
        "repo": "default",
        "type": "github"
      }
    }
  },
  "root": "root",
  "version": 7
}
